PODS:
  - ConsoliAds-Chartboost-Adapter (0.1.0)
  - FBSnapshotTestCase (2.1.4):
    - FBSnapshotTestCase/SwiftSupport (= 2.1.4)
  - FBSnapshotTestCase/Core (2.1.4)
  - FBSnapshotTestCase/SwiftSupport (2.1.4):
    - FBSnapshotTestCase/Core

DEPENDENCIES:
  - ConsoliAds-Chartboost-Adapter (from `../`)
  - FBSnapshotTestCase

SPEC REPOS:
  trunk:
    - FBSnapshotTestCase

EXTERNAL SOURCES:
  ConsoliAds-Chartboost-Adapter:
    :path: "../"

SPEC CHECKSUMS:
  ConsoliAds-Chartboost-Adapter: 6a30fde07536af4554b67ec29202aa02f9203408
  FBSnapshotTestCase: 094f9f314decbabe373b87cc339bea235a63e07a

PODFILE CHECKSUM: b7f30a58c394527114d7845e762e50093926413d

COCOAPODS: 1.11.2
